
Microsoft Visual Studio Solution File, Format Version 12.00
# Visual Studio 2013
VisualStudioVersion = 12.0.30723.0
MinimumVisualStudioVersion = 10.0.40219.1
Project("{8BC9CEB8-8B4A-11D0-8D11-00A0C91BC942}") = "Opcode", "Opcode.vcxproj", "{C5B7BBAA-CECF-409C-8B49-CE856C60261D}"
EndProject
Global
	GlobalSection(SolutionConfigurationPlatforms) = preSolution
		Debug|Win32 = Debug|Win32
		Release|Win32 = Release|Win32
	EndGlobalSection
	GlobalSection(ProjectConfigurationPlatforms) = postSolution
		{C5B7BBAA-CECF-409C-8B49-CE856C60261D}.Debug|Win32.ActiveCfg = Debug|Win32
		{C5B7BBAA-CECF-409C-8B49-CE856C60261D}.Debug|Win32.Build.0 = Debug|Win32
		{C5B7BBAA-CECF-409C-8B49-CE856C60261D}.Release|Win32.ActiveCfg = Release|Win32
		{C5B7BBAA-CECF-409C-8B49-CE856C60261D}.Release|Win32.Build.0 = Release|Win32
	EndGlobalSection
	GlobalSection(SolutionProperties) = preSolution
		HideSolutionNode = FALSE
	EndGlobalSection
EndGlobal
